# This file is automatically @generated by Cargo.
# It is not intended for manual editing.
version = 4

[[package]]
name = "aho_corasick"
version = "0.1.0"

[[package]]
name = "binary_search"
version = "0.1.0"

[[package]]
name = "boyer_moore"
version = "0.1.0"

[[package]]
name = "closest_pair_of_points"
version = "0.1.0"

[[package]]
name = "coin_change"
version = "0.1.0"

[[package]]
name = "dijkstra"
version = "0.1.0"

[[package]]
name = "edit_distance"
version = "0.1.0"

[[package]]
name = "fractional_knapsack"
version = "0.1.0"

[[package]]
name = "gift_wrapping"
version = "0.1.0"

[[package]]
name = "graham_scan"
version = "0.1.0"

[[package]]
name = "graphs"
version = "0.1.0"

[[package]]
name = "greedy_coin_change"
version = "0.1.0"

[[package]]
name = "heaps"
version = "0.1.0"

[[package]]
name = "huffman_coding"
version = "0.1.0"

[[package]]
name = "interval_scheduling"
version = "0.1.0"

[[package]]
name = "itterative_backtracking"
version = "0.1.0"

[[package]]
name = "job_sequencing_with_deadlines"
version = "0.1.0"

[[package]]
name = "knapsack_0_1"
version = "0.1.0"

[[package]]
name = "knuth_morris_pratt"
version = "0.1.0"

[[package]]
name = "kruskal"
version = "0.1.0"

[[package]]
name = "lexicographical_greedy"
version = "0.1.0"

[[package]]
name = "linked_lists"
version = "0.1.0"

[[package]]
name = "longest_common_subsequence"
version = "0.1.0"

[[package]]
name = "longest_increasing_subsequence"
version = "0.1.0"

[[package]]
name = "matrix_chain_multiplication"
version = "0.1.0"

[[package]]
name = "merge_sort"
version = "0.1.0"

[[package]]
name = "minimum_weight_triangulation"
version = "0.1.0"

[[package]]
name = "monotone_chain"
version = "0.1.0"

[[package]]
name = "n_queens_problem"
version = "0.1.0"

[[package]]
name = "naive_search"
version = "0.1.0"

[[package]]
name = "optimal_interleaving_of_ordered_strings"
version = "0.1.0"

[[package]]
name = "permutations_of_a_set"
version = "0.1.0"

[[package]]
name = "prims_algorithm"
version = "0.1.0"

[[package]]
name = "quick_sort"
version = "0.1.0"

[[package]]
name = "quickhull"
version = "0.1.0"

[[package]]
name = "rabin_karp"
version = "0.1.0"

[[package]]
name = "rat_in_a_maze"
version = "0.1.0"

[[package]]
name = "recursive_backtracking"
version = "0.1.0"

[[package]]
name = "stack"
version = "0.1.0"

[[package]]
name = "strassens_algorithm"
version = "0.1.0"

[[package]]
name = "suffix_automaton"
version = "0.1.0"

[[package]]
name = "suffix_tree"
version = "0.1.0"

[[package]]
name = "suffix_trie"
version = "0.1.0"

[[package]]
name = "tail"
version = "0.1.0"

[[package]]
name = "trees"
version = "0.1.0"

[[package]]
name = "z_algorithm"
version = "0.1.0"
